{
  "name": "regex",
  "version": "1.0.0",
  "lockfileVersion": 1,
  "requires": true,
  "dependencies": {
    "babel-runtime": {
      "version": "6.26.0",
      "resolved": "https://registry.npmjs.org/babel-runtime/-/babel-runtime-6.26.0.tgz",
      "integrity": "sha1-llxwWGaOgrVde/4E/yM3vItWR/4=",
      "requires": {
        "core-js": "^2.4.0",
        "regenerator-runtime": "^0.11.0"
      }
    },
    "core-js": {
      "version": "2.5.7",
      "resolved": "https://registry.npmjs.org/core-js/-/core-js-2.5.7.tgz",
      "integrity": "sha512-RszJCAxg/PP6uzXVXL6BsxSXx/B05oJAQ2vkJRjyjrEcNVycaqOmNb5OTxZPE3xa5gwZduqza6L9JOCenh/Ecw=="
    },
    "punycode": {
      "version": "1.4.1",
      "resolved": "https://registry.npmjs.org/punycode/-/punycode-1.4.1.tgz",
      "integrity": "sha1-wNWmOycYgArY4esPpSachN1BhF4="
    },
    "regenerator-runtime": {
      "version": "0.11.1",
      "resolved": "https://registry.npmjs.org/regenerator-runtime/-/regenerator-runtime-0.11.1.tgz",
      "integrity": "sha512-MguG95oij0fC3QV3URf4V2SDYGJhJnJGqvIIgdECeODCT98wSWDAJ94SSuVpYQUoTcGUIL6L4yNB7j1DFFHSBg=="
    },
    "twemoji-parser": {
      "version": "11.0.2",
      "resolved": "https://registry.npmjs.org/twemoji-parser/-/twemoji-parser-11.0.2.tgz",
      "integrity": "sha512-5kO2XCcpAql6zjdLwRwJjYvAZyDy3+Uj7v1ipBzLthQmDL7Ce19bEqHr3ImSNeoSW2OA8u02XmARbXHaNO8GhA=="
    },
    "twitter-text": {
      "version": "3.0.0",
      "resolved": "https://registry.npmjs.org/twitter-text/-/twitter-text-3.0.0.tgz",
      "integrity": "sha512-p5/mAvsYp0ESSgKjpaytWNJxrRqM04FnF5wLtc9+U1hXBrQujh/oz+4yR45JHIJfWOKSFZ/aLGaCasNwrqkkcw==",
      "requires": {
        "babel-runtime": "^6.26.0",
        "punycode": "1.4.1",
        "twemoji-parser": "^11.0.2"
      }
    }
  }
}
